Microsoft Visual Studio Solution File, Format Version 12.00
# Visual Studio Version 17
VisualStudioVersion = 17.12.35527.113
MinimumVisualStudioVersion = 10.0.40219.1
Project("{9A19103F-16F7-4668-BE54-9A1E7A4F7556}") = "HotelSystem.AppHost", "HotelSystem.AppHost\HotelSystem.AppHost.csproj", "{DAE733A0-816F-4F70-AE80-039BB0FC2BC8}"
EndProject
Project("{9A19103F-16F7-4668-BE54-9A1E7A4F7556}") = "HotelSystem.ServiceDefaults", "HotelSystem.ServiceDefaults\HotelSystem.ServiceDefaults.csproj", "{1B45B226-C2CF-4E78-A5A9-4638DB9AE08E}"
EndProject
Project("{2150E333-8FDC-42A3-9474-1A3956D46DE8}") = "Modules", "Modules", "{334C951A-A348-40FC-95E6-19615C109A20}"
EndProject
Project("{9A19103F-16F7-4668-BE54-9A1E7A4F7556}") = "SharedKernel", "SharedKernel\SharedKernel.csproj", "{42A394B9-6A7D-421E-993D-CE1FBFDC0FD4}"
EndProject
Project("{2150E333-8FDC-42A3-9474-1A3956D46DE8}") = "RoomManagmentSystem", "RoomManagmentSystem", "{BABF7E8F-32CE-45DF-A00B-F39C57C439E5}"
EndProject
Project("{2150E333-8FDC-42A3-9474-1A3956D46DE8}") = "AccessSystem", "AccessSystem", "{52790D2A-1928-43BA-B6A7-CAAB01989C1A}"
EndProject
Project("{2150E333-8FDC-42A3-9474-1A3956D46DE8}") = "BillingSystem", "BillingSystem", "{1A08FB61-BEA7-464E-A391-5CC1DB9309AF}"
EndProject
Project("{2150E333-8FDC-42A3-9474-1A3956D46DE8}") = "HotelServiceSystem", "HotelServiceSystem", "{DB296E2A-325E-4212-84AA-39872C2140D0}"
EndProject
Project("{9A19103F-16F7-4668-BE54-9A1E7A4F7556}") = "AccessSystem.Shared", "AccessSystem.Shared\AccessSystem.Shared.csproj", "{963E4889-7289-426E-9A70-D1668158D73C}"
EndProject
Project("{9A19103F-16F7-4668-BE54-9A1E7A4F7556}") = "BillingSystem.Shared", "BillingSystem.Shared\BillingSystem.Shared.csproj", "{E70BB312-11F2-4F00-9495-EA71FFE0CA30}"
EndProject
Project("{9A19103F-16F7-4668-BE54-9A1E7A4F7556}") = "RoomManagmentSystem.Shared", "RoomManagmentSystem.Shared\RoomManagmentSystem.Shared.csproj", "{B0C52D27-896B-425C-AD72-79E6A0FD762E}"
EndProject
Project("{FAE04EC0-301F-11D3-BF4B-00C04F79EFBC}") = "HotelServiceSystem.Api", "HotelServiceSystem.Api\HotelServiceSystem.Api.csproj", "{98C20CC7-2BD4-4110-AE6A-B6DEFD36CC71}"
EndProject
Project("{FAE04EC0-301F-11D3-BF4B-00C04F79EFBC}") = "HotelServiceSystem.Contracts", "HotelServiceSystem.Contracts\HotelServiceSystem.Contracts.csproj", "{E58906A0-2993-4DFF-8662-AAB501438720}"
EndProject
Project("{FAE04EC0-301F-11D3-BF4B-00C04F79EFBC}") = "HotelServiceSystem.Domain", "HotelServiceSystem.Domain\HotelServiceSystem.Domain.csproj", "{8DEDDF27-37B3-4578-A438-73F5A04B3761}"
EndProject
Project("{FAE04EC0-301F-11D3-BF4B-00C04F79EFBC}") = "HotelServiceSystem.Infrastructure", "HotelServiceSystem.Infrastructure\HotelServiceSystem.Infrastructure.csproj", "{937A536D-D868-4AD4-A4BF-EEA5AD3CBEB8}"
EndProject
Project("{FAE04EC0-301F-11D3-BF4B-00C04F79EFBC}") = "HotelServiceSystem.Application", "HotelServiceSystem.Application\HotelServiceSystem.Application.csproj", "{26E716B7-FBA8-4BF4-AE6E-9A3AA533C3CB}"
EndProject
Global
	GlobalSection(SolutionConfigurationPlatforms) = preSolution
		Debug|Any CPU = Debug|Any CPU
		Release|Any CPU = Release|Any CPU
	EndGlobalSection
	GlobalSection(ProjectConfigurationPlatforms) = postSolution
		{DAE733A0-816F-4F70-AE80-039BB0FC2BC8}.Debug|Any CPU.ActiveCfg = Debug|Any CPU
		{DAE733A0-816F-4F70-AE80-039BB0FC2BC8}.Debug|Any CPU.Build.0 = Debug|Any CPU
		{DAE733A0-816F-4F70-AE80-039BB0FC2BC8}.Release|Any CPU.ActiveCfg = Release|Any CPU
		{DAE733A0-816F-4F70-AE80-039BB0FC2BC8}.Release|Any CPU.Build.0 = Release|Any CPU
		{1B45B226-C2CF-4E78-A5A9-4638DB9AE08E}.Debug|Any CPU.ActiveCfg = Debug|Any CPU
		{1B45B226-C2CF-4E78-A5A9-4638DB9AE08E}.Debug|Any CPU.Build.0 = Debug|Any CPU
		{1B45B226-C2CF-4E78-A5A9-4638DB9AE08E}.Release|Any CPU.ActiveCfg = Release|Any CPU
		{1B45B226-C2CF-4E78-A5A9-4638DB9AE08E}.Release|Any CPU.Build.0 = Release|Any CPU
		{42A394B9-6A7D-421E-993D-CE1FBFDC0FD4}.Debug|Any CPU.ActiveCfg = Debug|Any CPU
		{42A394B9-6A7D-421E-993D-CE1FBFDC0FD4}.Debug|Any CPU.Build.0 = Debug|Any CPU
		{42A394B9-6A7D-421E-993D-CE1FBFDC0FD4}.Release|Any CPU.ActiveCfg = Release|Any CPU
		{42A394B9-6A7D-421E-993D-CE1FBFDC0FD4}.Release|Any CPU.Build.0 = Release|Any CPU
		{963E4889-7289-426E-9A70-D1668158D73C}.Debug|Any CPU.ActiveCfg = Debug|Any CPU
		{963E4889-7289-426E-9A70-D1668158D73C}.Debug|Any CPU.Build.0 = Debug|Any CPU
		{963E4889-7289-426E-9A70-D1668158D73C}.Release|Any CPU.ActiveCfg = Release|Any CPU
		{963E4889-7289-426E-9A70-D1668158D73C}.Release|Any CPU.Build.0 = Release|Any CPU
		{E70BB312-11F2-4F00-9495-EA71FFE0CA30}.Debug|Any CPU.ActiveCfg = Debug|Any CPU
		{E70BB312-11F2-4F00-9495-EA71FFE0CA30}.Debug|Any CPU.Build.0 = Debug|Any CPU
		{E70BB312-11F2-4F00-9495-EA71FFE0CA30}.Release|Any CPU.ActiveCfg = Release|Any CPU
		{E70BB312-11F2-4F00-9495-EA71FFE0CA30}.Release|Any CPU.Build.0 = Release|Any CPU
		{B0C52D27-896B-425C-AD72-79E6A0FD762E}.Debug|Any CPU.ActiveCfg = Debug|Any CPU
		{B0C52D27-896B-425C-AD72-79E6A0FD762E}.Debug|Any CPU.Build.0 = Debug|Any CPU
		{B0C52D27-896B-425C-AD72-79E6A0FD762E}.Release|Any CPU.ActiveCfg = Release|Any CPU
		{B0C52D27-896B-425C-AD72-79E6A0FD762E}.Release|Any CPU.Build.0 = Release|Any CPU
		{98C20CC7-2BD4-4110-AE6A-B6DEFD36CC71}.Debug|Any CPU.ActiveCfg = Debug|Any CPU
		{98C20CC7-2BD4-4110-AE6A-B6DEFD36CC71}.Debug|Any CPU.Build.0 = Debug|Any CPU
		{98C20CC7-2BD4-4110-AE6A-B6DEFD36CC71}.Release|Any CPU.ActiveCfg = Release|Any CPU
		{98C20CC7-2BD4-4110-AE6A-B6DEFD36CC71}.Release|Any CPU.Build.0 = Release|Any CPU
		{E58906A0-2993-4DFF-8662-AAB501438720}.Debug|Any CPU.ActiveCfg = Debug|Any CPU
		{E58906A0-2993-4DFF-8662-AAB501438720}.Debug|Any CPU.Build.0 = Debug|Any CPU
		{E58906A0-2993-4DFF-8662-AAB501438720}.Release|Any CPU.ActiveCfg = Release|Any CPU
		{E58906A0-2993-4DFF-8662-AAB501438720}.Release|Any CPU.Build.0 = Release|Any CPU
		{8DEDDF27-37B3-4578-A438-73F5A04B3761}.Debug|Any CPU.ActiveCfg = Debug|Any CPU
		{8DEDDF27-37B3-4578-A438-73F5A04B3761}.Debug|Any CPU.Build.0 = Debug|Any CPU
		{8DEDDF27-37B3-4578-A438-73F5A04B3761}.Release|Any CPU.ActiveCfg = Release|Any CPU
		{8DEDDF27-37B3-4578-A438-73F5A04B3761}.Release|Any CPU.Build.0 = Release|Any CPU
		{937A536D-D868-4AD4-A4BF-EEA5AD3CBEB8}.Debug|Any CPU.ActiveCfg = Debug|Any CPU
		{937A536D-D868-4AD4-A4BF-EEA5AD3CBEB8}.Debug|Any CPU.Build.0 = Debug|Any CPU
		{937A536D-D868-4AD4-A4BF-EEA5AD3CBEB8}.Release|Any CPU.ActiveCfg = Release|Any CPU
		{937A536D-D868-4AD4-A4BF-EEA5AD3CBEB8}.Release|Any CPU.Build.0 = Release|Any CPU
		{26E716B7-FBA8-4BF4-AE6E-9A3AA533C3CB}.Debug|Any CPU.ActiveCfg = Debug|Any CPU
		{26E716B7-FBA8-4BF4-AE6E-9A3AA533C3CB}.Debug|Any CPU.Build.0 = Debug|Any CPU
		{26E716B7-FBA8-4BF4-AE6E-9A3AA533C3CB}.Release|Any CPU.ActiveCfg = Release|Any CPU
		{26E716B7-FBA8-4BF4-AE6E-9A3AA533C3CB}.Release|Any CPU.Build.0 = Release|Any CPU
	EndGlobalSection
	GlobalSection(SolutionProperties) = preSolution
		HideSolutionNode = FALSE
	EndGlobalSection
	GlobalSection(NestedProjects) = preSolution
		{42A394B9-6A7D-421E-993D-CE1FBFDC0FD4} = {334C951A-A348-40FC-95E6-19615C109A20}
		{BABF7E8F-32CE-45DF-A00B-F39C57C439E5} = {334C951A-A348-40FC-95E6-19615C109A20}
		{52790D2A-1928-43BA-B6A7-CAAB01989C1A} = {334C951A-A348-40FC-95E6-19615C109A20}
		{1A08FB61-BEA7-464E-A391-5CC1DB9309AF} = {334C951A-A348-40FC-95E6-19615C109A20}
		{DB296E2A-325E-4212-84AA-39872C2140D0} = {334C951A-A348-40FC-95E6-19615C109A20}
		{963E4889-7289-426E-9A70-D1668158D73C} = {52790D2A-1928-43BA-B6A7-CAAB01989C1A}
		{E70BB312-11F2-4F00-9495-EA71FFE0CA30} = {1A08FB61-BEA7-464E-A391-5CC1DB9309AF}
		{B0C52D27-896B-425C-AD72-79E6A0FD762E} = {BABF7E8F-32CE-45DF-A00B-F39C57C439E5}
		{98C20CC7-2BD4-4110-AE6A-B6DEFD36CC71} = {DB296E2A-325E-4212-84AA-39872C2140D0}
		{E58906A0-2993-4DFF-8662-AAB501438720} = {DB296E2A-325E-4212-84AA-39872C2140D0}
		{8DEDDF27-37B3-4578-A438-73F5A04B3761} = {DB296E2A-325E-4212-84AA-39872C2140D0}
		{937A536D-D868-4AD4-A4BF-EEA5AD3CBEB8} = {DB296E2A-325E-4212-84AA-39872C2140D0}
		{26E716B7-FBA8-4BF4-AE6E-9A3AA533C3CB} = {DB296E2A-325E-4212-84AA-39872C2140D0}
	EndGlobalSection
	GlobalSection(ExtensibilityGlobals) = postSolution
		SolutionGuid = {99AC499E-3DE1-4C2F-9DE0-1C654508391E}
	EndGlobalSection
EndGlobal
