Microsoft Visual Studio Solution File, Format Version 12.00
# Visual Studio Version 17
VisualStudioVersion = 17.12.35527.113
MinimumVisualStudioVersion = 10.0.40219.1
Project("{9A19103F-16F7-4668-BE54-9A1E7A4F7556}") = "HotelSystem.AppHost", "HotelSystem.AppHost\HotelSystem.AppHost.csproj", "{DAE733A0-816F-4F70-AE80-039BB0FC2BC8}"
EndProject
Project("{9A19103F-16F7-4668-BE54-9A1E7A4F7556}") = "HotelSystem.ServiceDefaults", "HotelSystem.ServiceDefaults\HotelSystem.ServiceDefaults.csproj", "{1B45B226-C2CF-4E78-A5A9-4638DB9AE08E}"
EndProject
Project("{2150E333-8FDC-42A3-9474-1A3956D46DE8}") = "Modules", "Modules", "{334C951A-A348-40FC-95E6-19615C109A20}"
EndProject
Project("{9A19103F-16F7-4668-BE54-9A1E7A4F7556}") = "SharedKernel", "SharedKernel\SharedKernel.csproj", "{42A394B9-6A7D-421E-993D-CE1FBFDC0FD4}"
EndProject
Project("{2150E333-8FDC-42A3-9474-1A3956D46DE8}") = "RoomManagmentSystem", "RoomManagmentSystem", "{BABF7E8F-32CE-45DF-A00B-F39C57C439E5}"
EndProject
Project("{2150E333-8FDC-42A3-9474-1A3956D46DE8}") = "AccessSystem", "AccessSystem", "{52790D2A-1928-43BA-B6A7-CAAB01989C1A}"
EndProject
Project("{2150E333-8FDC-42A3-9474-1A3956D46DE8}") = "BillingSystem", "BillingSystem", "{1A08FB61-BEA7-464E-A391-5CC1DB9309AF}"
EndProject
Project("{2150E333-8FDC-42A3-9474-1A3956D46DE8}") = "HotelServiceSystem", "HotelServiceSystem", "{DB296E2A-325E-4212-84AA-39872C2140D0}"
EndProject
Project("{FAE04EC0-301F-11D3-BF4B-00C04F79EFBC}") = "BillingSystem.Shared", "BillingSystem.Shared\BillingSystem.Shared.csproj", "{E70BB312-11F2-4F00-9495-EA71FFE0CA30}"
Project("{9A19103F-16F7-4668-BE54-9A1E7A4F7556}") = "AccessSystem.Shared", "AccessSystem.Shared\AccessSystem.Shared.csproj", "{963E4889-7289-426E-9A70-D1668158D73C}"
EndProject
Project("{9A19103F-16F7-4668-BE54-9A1E7A4F7556}") = "BillingSystem.Shared", "BillingSystem.Shared\BillingSystem.Shared.csproj", "{E70BB312-11F2-4F00-9495-EA71FFE0CA30}"
EndProject
Project("{9A19103F-16F7-4668-BE54-9A1E7A4F7556}") = "RoomManagmentSystem.Shared", "RoomManagmentSystem.Shared\RoomManagmentSystem.Shared.csproj", "{B0C52D27-896B-425C-AD72-79E6A0FD762E}"
Project("{9A19103F-16F7-4668-BE54-9A1E7A4F7556}") = "HotelServiceSystem.Shared", "ServiceSystem.Shared\HotelServiceSystem.Shared.csproj", "{8323BDB4-0C2B-4633-9E6C-EFAFE912E922}"
EndProject
Project("{FAE04EC0-301F-11D3-BF4B-00C04F79EFBC}") = "HotelServiceSystem.Api", "HotelServiceSystem.Api\HotelServiceSystem.Api.csproj", "{98C20CC7-2BD4-4110-AE6A-B6DEFD36CC71}"
Project("{9A19103F-16F7-4668-BE54-9A1E7A4F7556}") = "BillingSystem", "BillingSystem\BillingSystem.csproj", "{7DEB0A90-F447-4B70-8C5F-EA03FDE0BEBE}"
EndProject
Project("{FAE04EC0-301F-11D3-BF4B-00C04F79EFBC}") = "HotelServiceSystem.Contracts", "HotelServiceSystem.Contracts\HotelServiceSystem.Contracts.csproj", "{E58906A0-2993-4DFF-8662-AAB501438720}"
Project("{9A19103F-16F7-4668-BE54-9A1E7A4F7556}") = "BillingSystem.BL", "BillingSystem.BL\BillingSystem.BL.csproj", "{F0B133B1-06D5-461A-A1AE-60FDE5CB5900}"
EndProject
Project("{FAE04EC0-301F-11D3-BF4B-00C04F79EFBC}") = "HotelServiceSystem.Domain", "HotelServiceSystem.Domain\HotelServiceSystem.Domain.csproj", "{8DEDDF27-37B3-4578-A438-73F5A04B3761}"
Project("{9A19103F-16F7-4668-BE54-9A1E7A4F7556}") = "BillingSystem.Contracts", "BillingSystem.Contracts\BillingSystem.Contracts.csproj", "{4A53C266-919D-47BC-BB31-E5A14FC809F3}"
EndProject
Project("{FAE04EC0-301F-11D3-BF4B-00C04F79EFBC}") = "HotelServiceSystem.Infrastructure", "HotelServiceSystem.Infrastructure\HotelServiceSystem.Infrastructure.csproj", "{937A536D-D868-4AD4-A4BF-EEA5AD3CBEB8}"
Project("{9A19103F-16F7-4668-BE54-9A1E7A4F7556}") = "BillingSystem.DAL.Infrastructure", "BillingSystem.DAL.Infrastructure\BillingSystem.DAL.Infrastructure.csproj", "{0F00B693-AF61-4201-A12B-CCE3A94F3C67}"
EndProject
Project("{FAE04EC0-301F-11D3-BF4B-00C04F79EFBC}") = "HotelServiceSystem.Application", "HotelServiceSystem.Application\HotelServiceSystem.Application.csproj", "{26E716B7-FBA8-4BF4-AE6E-9A3AA533C3CB}"
Project("{9A19103F-16F7-4668-BE54-9A1E7A4F7556}") = "BillingSystem.DAL.EFCore", "BillingSystem.DAL.EFCore\BillingSystem.DAL.EFCore.csproj", "{13FBECFD-4412-439C-A4D5-1170E1898499}"
EndProject
Project("{FAE04EC0-301F-11D3-BF4B-00C04F79EFBC}") = "AccessSystem.Api", "AccessSystem.Api\AccessSystem.Api.csproj", "{ACB614B5-B77A-428D-9766-ADDBCC81A460}"
Project("{9A19103F-16F7-4668-BE54-9A1E7A4F7556}") = "BillingSystem.Presentation", "BillingSystem.Presentation\BillingSystem.Presentation.csproj", "{82058D9D-50DB-4D66-B17A-D415AAB68373}"
EndProject
Project("{FAE04EC0-301F-11D3-BF4B-00C04F79EFBC}") = "AccessSystem.Application", "AccessSystem.Application\AccessSystem.Application.csproj", "{CD6D322D-706A-4EE0-9F83-49FC7C18DABF}"
EndProject
Project("{FAE04EC0-301F-11D3-BF4B-00C04F79EFBC}") = "AccessSystem.Contracts", "AccessSystem.Contracts\AccessSystem.Contracts.csproj", "{7D8EDE35-C921-4E43-A56F-8FE5F3A9E081}"
Project("{2150E333-8FDC-42A3-9474-1A3956D46DE8}") = "Tests", "Tests", "{2AD704A9-AFA0-4FB9-9D86-4BE16B4FDA60}"
EndProject
Project("{FAE04EC0-301F-11D3-BF4B-00C04F79EFBC}") = "AccessSystem.Domain", "AccessSystem.Domain\AccessSystem.Domain.csproj", "{A1AA1D86-7F02-49B3-8A69-C9DFEADF6E83}"
Project("{9A19103F-16F7-4668-BE54-9A1E7A4F7556}") = "BillingSystem.BL.Tests", "BillingSystem.BL.Tests\BillingSystem.BL.Tests.csproj", "{9F56148B-6662-48DB-BD92-6E97593F1B46}"
EndProject
Project("{FAE04EC0-301F-11D3-BF4B-00C04F79EFBC}") = "AccessSystem.Infrastructure", "AccessSystem.Infrastructure\AccessSystem.Infrastructure.csproj", "{9697D696-A134-4EFC-AA3A-7F07ACC365FF}"
EndProject
Project("{FAE04EC0-301F-11D3-BF4B-00C04F79EFBC}") = "BillingSystem", "BillingSystem\BillingSystem.csproj", "{7DEB0A90-F447-4B70-8C5F-EA03FDE0BEBE}"
EndProject
Project("{FAE04EC0-301F-11D3-BF4B-00C04F79EFBC}") = "BillingSystem.Infrastructure", "BillingSystem.BL\BillingSystem.Infrastructure.csproj", "{F0B133B1-06D5-461A-A1AE-60FDE5CB5900}"
EndProject
Project("{FAE04EC0-301F-11D3-BF4B-00C04F79EFBC}") = "BillingSystem.Application", "BillingSystem.DAL.Infrastructure\BillingSystem.Application.csproj", "{0F00B693-AF61-4201-A12B-CCE3A94F3C67}"
EndProject
Project("{FAE04EC0-301F-11D3-BF4B-00C04F79EFBC}") = "BillingSystem.Domain", "BillingSystem.DAL.EFCore\BillingSystem.Domain.csproj", "{13FBECFD-4412-439C-A4D5-1170E1898499}"
EndProject
Project("{FAE04EC0-301F-11D3-BF4B-00C04F79EFBC}") = "BillingSystem.Presentation", "BillingSystem.Presentation\BillingSystem.Presentation.csproj", "{82058D9D-50DB-4D66-B17A-D415AAB68373}"
EndProject
Project("{9A19103F-16F7-4668-BE54-9A1E7A4F7556}") = "RoomManagementSystem.API", "RoomManagementSystem\RoomManagementSystem.API\RoomManagementSystem.API.csproj", "{698E4B96-A796-4051-A8DA-5B42B0C4CF0E}"
EndProject
Project("{9A19103F-16F7-4668-BE54-9A1E7A4F7556}") = "RoomManagementSystem.Contracts", "RoomManagementSystem\RoomManagementSystem.Contracts\RoomManagementSystem.Contracts.csproj", "{4327C45D-F208-4486-8195-ACBC84845FAE}"
EndProject
Project("{9A19103F-16F7-4668-BE54-9A1E7A4F7556}") = "RoomManagementSystem.BL", "RoomManagementSystem\RoomManagementSystem.BL\RoomManagementSystem.BL.csproj", "{35F7BFB5-AA57-46DA-A92E-EFA9B04ED08C}"
EndProject
Project("{9A19103F-16F7-4668-BE54-9A1E7A4F7556}") = "RoomManagementSystem.DAL.EFCore", "RoomManagementSystem\RoomManagementSystem.DAL.EFCore\RoomManagementSystem.DAL.EFCore.csproj", "{FC64108F-A6BE-475B-8DF5-C3300BAFFCBA}"
EndProject
Project("{9A19103F-16F7-4668-BE54-9A1E7A4F7556}") = "RoomManagementSystem.DAL.InfraStructure", "RoomManagementSystem\RoomManagementSystem.DAL.InfraStructure\RoomManagementSystem.DAL.InfraStructure.csproj", "{A0B9B3FA-4B9A-4D95-8EDF-742D0BF35FDC}"
EndProject
Project("{9A19103F-16F7-4668-BE54-9A1E7A4F7556}") = "RoomManagmentSystem.Shared", "RoomManagementSystem\RoomManagmentSystem.Shared\RoomManagmentSystem.Shared.csproj", "{B755FB9F-5C02-41FF-A6A3-B6285ACE8D6C}"
EndProject
Project("{FAE04EC0-301F-11D3-BF4B-00C04F79EFBC}") = "RoomManagementSystem.Presentation", "RoomManagementSystem.Presentation\RoomManagementSystem.Presentation.csproj", "{E96C6FEB-4D53-466C-836E-68882E9C6B6D}"
EndProject
Global
	GlobalSection(SolutionConfigurationPlatforms) = preSolution
		Debug|Any CPU = Debug|Any CPU
		Release|Any CPU = Release|Any CPU
	EndGlobalSection
	GlobalSection(ProjectConfigurationPlatforms) = postSolution
		{DAE733A0-816F-4F70-AE80-039BB0FC2BC8}.Debug|Any CPU.ActiveCfg = Debug|Any CPU
		{DAE733A0-816F-4F70-AE80-039BB0FC2BC8}.Debug|Any CPU.Build.0 = Debug|Any CPU
		{DAE733A0-816F-4F70-AE80-039BB0FC2BC8}.Release|Any CPU.ActiveCfg = Release|Any CPU
		{DAE733A0-816F-4F70-AE80-039BB0FC2BC8}.Release|Any CPU.Build.0 = Release|Any CPU
		{1B45B226-C2CF-4E78-A5A9-4638DB9AE08E}.Debug|Any CPU.ActiveCfg = Debug|Any CPU
		{1B45B226-C2CF-4E78-A5A9-4638DB9AE08E}.Debug|Any CPU.Build.0 = Debug|Any CPU
		{1B45B226-C2CF-4E78-A5A9-4638DB9AE08E}.Release|Any CPU.ActiveCfg = Release|Any CPU
		{1B45B226-C2CF-4E78-A5A9-4638DB9AE08E}.Release|Any CPU.Build.0 = Release|Any CPU
		{42A394B9-6A7D-421E-993D-CE1FBFDC0FD4}.Debug|Any CPU.ActiveCfg = Debug|Any CPU
		{42A394B9-6A7D-421E-993D-CE1FBFDC0FD4}.Debug|Any CPU.Build.0 = Debug|Any CPU
		{42A394B9-6A7D-421E-993D-CE1FBFDC0FD4}.Release|Any CPU.ActiveCfg = Release|Any CPU
		{42A394B9-6A7D-421E-993D-CE1FBFDC0FD4}.Release|Any CPU.Build.0 = Release|Any CPU
		{E70BB312-11F2-4F00-9495-EA71FFE0CA30}.Debug|Any CPU.ActiveCfg = Debug|Any CPU
		{E70BB312-11F2-4F00-9495-EA71FFE0CA30}.Debug|Any CPU.Build.0 = Debug|Any CPU
		{E70BB312-11F2-4F00-9495-EA71FFE0CA30}.Release|Any CPU.ActiveCfg = Release|Any CPU
		{E70BB312-11F2-4F00-9495-EA71FFE0CA30}.Release|Any CPU.Build.0 = Release|Any CPU
		{B0C52D27-896B-425C-AD72-79E6A0FD762E}.Debug|Any CPU.ActiveCfg = Debug|Any CPU
		{B0C52D27-896B-425C-AD72-79E6A0FD762E}.Debug|Any CPU.Build.0 = Debug|Any CPU
		{B0C52D27-896B-425C-AD72-79E6A0FD762E}.Release|Any CPU.ActiveCfg = Release|Any CPU
		{B0C52D27-896B-425C-AD72-79E6A0FD762E}.Release|Any CPU.Build.0 = Release|Any CPU
		{98C20CC7-2BD4-4110-AE6A-B6DEFD36CC71}.Debug|Any CPU.ActiveCfg = Debug|Any CPU
		{98C20CC7-2BD4-4110-AE6A-B6DEFD36CC71}.Debug|Any CPU.Build.0 = Debug|Any CPU
		{98C20CC7-2BD4-4110-AE6A-B6DEFD36CC71}.Release|Any CPU.ActiveCfg = Release|Any CPU
		{98C20CC7-2BD4-4110-AE6A-B6DEFD36CC71}.Release|Any CPU.Build.0 = Release|Any CPU
		{E58906A0-2993-4DFF-8662-AAB501438720}.Debug|Any CPU.ActiveCfg = Debug|Any CPU
		{E58906A0-2993-4DFF-8662-AAB501438720}.Debug|Any CPU.Build.0 = Debug|Any CPU
		{E58906A0-2993-4DFF-8662-AAB501438720}.Release|Any CPU.ActiveCfg = Release|Any CPU
		{E58906A0-2993-4DFF-8662-AAB501438720}.Release|Any CPU.Build.0 = Release|Any CPU
		{8DEDDF27-37B3-4578-A438-73F5A04B3761}.Debug|Any CPU.ActiveCfg = Debug|Any CPU
		{8DEDDF27-37B3-4578-A438-73F5A04B3761}.Debug|Any CPU.Build.0 = Debug|Any CPU
		{8DEDDF27-37B3-4578-A438-73F5A04B3761}.Release|Any CPU.ActiveCfg = Release|Any CPU
		{8DEDDF27-37B3-4578-A438-73F5A04B3761}.Release|Any CPU.Build.0 = Release|Any CPU
		{937A536D-D868-4AD4-A4BF-EEA5AD3CBEB8}.Debug|Any CPU.ActiveCfg = Debug|Any CPU
		{937A536D-D868-4AD4-A4BF-EEA5AD3CBEB8}.Debug|Any CPU.Build.0 = Debug|Any CPU
		{937A536D-D868-4AD4-A4BF-EEA5AD3CBEB8}.Release|Any CPU.ActiveCfg = Release|Any CPU
		{937A536D-D868-4AD4-A4BF-EEA5AD3CBEB8}.Release|Any CPU.Build.0 = Release|Any CPU
		{26E716B7-FBA8-4BF4-AE6E-9A3AA533C3CB}.Debug|Any CPU.ActiveCfg = Debug|Any CPU
		{26E716B7-FBA8-4BF4-AE6E-9A3AA533C3CB}.Debug|Any CPU.Build.0 = Debug|Any CPU
		{26E716B7-FBA8-4BF4-AE6E-9A3AA533C3CB}.Release|Any CPU.ActiveCfg = Release|Any CPU
		{26E716B7-FBA8-4BF4-AE6E-9A3AA533C3CB}.Release|Any CPU.Build.0 = Release|Any CPU
		{ACB614B5-B77A-428D-9766-ADDBCC81A460}.Debug|Any CPU.ActiveCfg = Debug|Any CPU
		{ACB614B5-B77A-428D-9766-ADDBCC81A460}.Debug|Any CPU.Build.0 = Debug|Any CPU
		{ACB614B5-B77A-428D-9766-ADDBCC81A460}.Release|Any CPU.ActiveCfg = Release|Any CPU
		{ACB614B5-B77A-428D-9766-ADDBCC81A460}.Release|Any CPU.Build.0 = Release|Any CPU
		{CD6D322D-706A-4EE0-9F83-49FC7C18DABF}.Debug|Any CPU.ActiveCfg = Debug|Any CPU
		{CD6D322D-706A-4EE0-9F83-49FC7C18DABF}.Debug|Any CPU.Build.0 = Debug|Any CPU
		{CD6D322D-706A-4EE0-9F83-49FC7C18DABF}.Release|Any CPU.ActiveCfg = Release|Any CPU
		{CD6D322D-706A-4EE0-9F83-49FC7C18DABF}.Release|Any CPU.Build.0 = Release|Any CPU
		{7D8EDE35-C921-4E43-A56F-8FE5F3A9E081}.Debug|Any CPU.ActiveCfg = Debug|Any CPU
		{7D8EDE35-C921-4E43-A56F-8FE5F3A9E081}.Debug|Any CPU.Build.0 = Debug|Any CPU
		{7D8EDE35-C921-4E43-A56F-8FE5F3A9E081}.Release|Any CPU.ActiveCfg = Release|Any CPU
		{7D8EDE35-C921-4E43-A56F-8FE5F3A9E081}.Release|Any CPU.Build.0 = Release|Any CPU
		{A1AA1D86-7F02-49B3-8A69-C9DFEADF6E83}.Debug|Any CPU.ActiveCfg = Debug|Any CPU
		{A1AA1D86-7F02-49B3-8A69-C9DFEADF6E83}.Debug|Any CPU.Build.0 = Debug|Any CPU
		{A1AA1D86-7F02-49B3-8A69-C9DFEADF6E83}.Release|Any CPU.ActiveCfg = Release|Any CPU
		{A1AA1D86-7F02-49B3-8A69-C9DFEADF6E83}.Release|Any CPU.Build.0 = Release|Any CPU
		{9697D696-A134-4EFC-AA3A-7F07ACC365FF}.Debug|Any CPU.ActiveCfg = Debug|Any CPU
		{9697D696-A134-4EFC-AA3A-7F07ACC365FF}.Debug|Any CPU.Build.0 = Debug|Any CPU
		{9697D696-A134-4EFC-AA3A-7F07ACC365FF}.Release|Any CPU.ActiveCfg = Release|Any CPU
		{9697D696-A134-4EFC-AA3A-7F07ACC365FF}.Release|Any CPU.Build.0 = Release|Any CPU
		{8323BDB4-0C2B-4633-9E6C-EFAFE912E922}.Debug|Any CPU.ActiveCfg = Debug|Any CPU
		{8323BDB4-0C2B-4633-9E6C-EFAFE912E922}.Debug|Any CPU.Build.0 = Debug|Any CPU
		{8323BDB4-0C2B-4633-9E6C-EFAFE912E922}.Release|Any CPU.ActiveCfg = Release|Any CPU
		{8323BDB4-0C2B-4633-9E6C-EFAFE912E922}.Release|Any CPU.Build.0 = Release|Any CPU
		{7DEB0A90-F447-4B70-8C5F-EA03FDE0BEBE}.Debug|Any CPU.ActiveCfg = Debug|Any CPU
		{7DEB0A90-F447-4B70-8C5F-EA03FDE0BEBE}.Debug|Any CPU.Build.0 = Debug|Any CPU
		{7DEB0A90-F447-4B70-8C5F-EA03FDE0BEBE}.Release|Any CPU.ActiveCfg = Release|Any CPU
		{7DEB0A90-F447-4B70-8C5F-EA03FDE0BEBE}.Release|Any CPU.Build.0 = Release|Any CPU
		{F0B133B1-06D5-461A-A1AE-60FDE5CB5900}.Debug|Any CPU.ActiveCfg = Debug|Any CPU
		{F0B133B1-06D5-461A-A1AE-60FDE5CB5900}.Debug|Any CPU.Build.0 = Debug|Any CPU
		{F0B133B1-06D5-461A-A1AE-60FDE5CB5900}.Release|Any CPU.ActiveCfg = Release|Any CPU
		{F0B133B1-06D5-461A-A1AE-60FDE5CB5900}.Release|Any CPU.Build.0 = Release|Any CPU
		{0F00B693-AF61-4201-A12B-CCE3A94F3C67}.Debug|Any CPU.ActiveCfg = Debug|Any CPU
		{0F00B693-AF61-4201-A12B-CCE3A94F3C67}.Debug|Any CPU.Build.0 = Debug|Any CPU
		{0F00B693-AF61-4201-A12B-CCE3A94F3C67}.Release|Any CPU.ActiveCfg = Release|Any CPU
		{0F00B693-AF61-4201-A12B-CCE3A94F3C67}.Release|Any CPU.Build.0 = Release|Any CPU
		{13FBECFD-4412-439C-A4D5-1170E1898499}.Debug|Any CPU.ActiveCfg = Debug|Any CPU
		{13FBECFD-4412-439C-A4D5-1170E1898499}.Debug|Any CPU.Build.0 = Debug|Any CPU
		{13FBECFD-4412-439C-A4D5-1170E1898499}.Release|Any CPU.ActiveCfg = Release|Any CPU
		{13FBECFD-4412-439C-A4D5-1170E1898499}.Release|Any CPU.Build.0 = Release|Any CPU
		{82058D9D-50DB-4D66-B17A-D415AAB68373}.Debug|Any CPU.ActiveCfg = Debug|Any CPU
		{82058D9D-50DB-4D66-B17A-D415AAB68373}.Debug|Any CPU.Build.0 = Debug|Any CPU
		{82058D9D-50DB-4D66-B17A-D415AAB68373}.Release|Any CPU.ActiveCfg = Release|Any CPU
		{82058D9D-50DB-4D66-B17A-D415AAB68373}.Release|Any CPU.Build.0 = Release|Any CPU
	EndGlobalSection
	GlobalSection(SolutionProperties) = preSolution
		HideSolutionNode = FALSE
	EndGlobalSection
	GlobalSection(NestedProjects) = preSolution
		{42A394B9-6A7D-421E-993D-CE1FBFDC0FD4} = {334C951A-A348-40FC-95E6-19615C109A20}
		{BABF7E8F-32CE-45DF-A00B-F39C57C439E5} = {334C951A-A348-40FC-95E6-19615C109A20}
		{52790D2A-1928-43BA-B6A7-CAAB01989C1A} = {334C951A-A348-40FC-95E6-19615C109A20}
		{1A08FB61-BEA7-464E-A391-5CC1DB9309AF} = {334C951A-A348-40FC-95E6-19615C109A20}
		{DB296E2A-325E-4212-84AA-39872C2140D0} = {334C951A-A348-40FC-95E6-19615C109A20}
		{E70BB312-11F2-4F00-9495-EA71FFE0CA30} = {1A08FB61-BEA7-464E-A391-5CC1DB9309AF}
		{B0C52D27-896B-425C-AD72-79E6A0FD762E} = {BABF7E8F-32CE-45DF-A00B-F39C57C439E5}
		{98C20CC7-2BD4-4110-AE6A-B6DEFD36CC71} = {DB296E2A-325E-4212-84AA-39872C2140D0}
		{E58906A0-2993-4DFF-8662-AAB501438720} = {DB296E2A-325E-4212-84AA-39872C2140D0}
		{8DEDDF27-37B3-4578-A438-73F5A04B3761} = {DB296E2A-325E-4212-84AA-39872C2140D0}
		{937A536D-D868-4AD4-A4BF-EEA5AD3CBEB8} = {DB296E2A-325E-4212-84AA-39872C2140D0}
		{26E716B7-FBA8-4BF4-AE6E-9A3AA533C3CB} = {DB296E2A-325E-4212-84AA-39872C2140D0}
		{ACB614B5-B77A-428D-9766-ADDBCC81A460} = {52790D2A-1928-43BA-B6A7-CAAB01989C1A}
		{CD6D322D-706A-4EE0-9F83-49FC7C18DABF} = {52790D2A-1928-43BA-B6A7-CAAB01989C1A}
		{7D8EDE35-C921-4E43-A56F-8FE5F3A9E081} = {52790D2A-1928-43BA-B6A7-CAAB01989C1A}
		{A1AA1D86-7F02-49B3-8A69-C9DFEADF6E83} = {52790D2A-1928-43BA-B6A7-CAAB01989C1A}
		{9697D696-A134-4EFC-AA3A-7F07ACC365FF} = {52790D2A-1928-43BA-B6A7-CAAB01989C1A}
		{8323BDB4-0C2B-4633-9E6C-EFAFE912E922} = {DB296E2A-325E-4212-84AA-39872C2140D0}
		{F0B133B1-06D5-461A-A1AE-60FDE5CB5900} = {1A08FB61-BEA7-464E-A391-5CC1DB9309AF}
		{0F00B693-AF61-4201-A12B-CCE3A94F3C67} = {1A08FB61-BEA7-464E-A391-5CC1DB9309AF}
		{13FBECFD-4412-439C-A4D5-1170E1898499} = {1A08FB61-BEA7-464E-A391-5CC1DB9309AF}
		{82058D9D-50DB-4D66-B17A-D415AAB68373} = {1A08FB61-BEA7-464E-A391-5CC1DB9309AF}
	EndGlobalSection
	GlobalSection(ExtensibilityGlobals) = postSolution
		SolutionGuid = {99AC499E-3DE1-4C2F-9DE0-1C654508391E}
	EndGlobalSection
EndGlobal
