Microsoft Visual Studio Solution File, Format Version 12.00
# Visual Studio Version 17
VisualStudioVersion = 17.12.35527.113 d17.12
MinimumVisualStudioVersion = 10.0.40219.1
Project("{FAE04EC0-301F-11D3-BF4B-00C04F79EFBC}") = "HotelSystem.AppHost", "HotelSystem.AppHost\HotelSystem.AppHost.csproj", "{DAE733A0-816F-4F70-AE80-039BB0FC2BC8}"
EndProject
Project("{FAE04EC0-301F-11D3-BF4B-00C04F79EFBC}") = "HotelSystem.ServiceDefaults", "HotelSystem.ServiceDefaults\HotelSystem.ServiceDefaults.csproj", "{1B45B226-C2CF-4E78-A5A9-4638DB9AE08E}"
EndProject
Global
	GlobalSection(SolutionConfigurationPlatforms) = preSolution
		Debug|Any CPU = Debug|Any CPU
		Release|Any CPU = Release|Any CPU
	EndGlobalSection
	GlobalSection(ProjectConfigurationPlatforms) = postSolution
		{DAE733A0-816F-4F70-AE80-039BB0FC2BC8}.Debug|Any CPU.ActiveCfg = Debug|Any CPU
		{DAE733A0-816F-4F70-AE80-039BB0FC2BC8}.Debug|Any CPU.Build.0 = Debug|Any CPU
		{DAE733A0-816F-4F70-AE80-039BB0FC2BC8}.Release|Any CPU.ActiveCfg = Release|Any CPU
		{DAE733A0-816F-4F70-AE80-039BB0FC2BC8}.Release|Any CPU.Build.0 = Release|Any CPU
		{1B45B226-C2CF-4E78-A5A9-4638DB9AE08E}.Debug|Any CPU.ActiveCfg = Debug|Any CPU
		{1B45B226-C2CF-4E78-A5A9-4638DB9AE08E}.Debug|Any CPU.Build.0 = Debug|Any CPU
		{1B45B226-C2CF-4E78-A5A9-4638DB9AE08E}.Release|Any CPU.ActiveCfg = Release|Any CPU
		{1B45B226-C2CF-4E78-A5A9-4638DB9AE08E}.Release|Any CPU.Build.0 = Release|Any CPU
	EndGlobalSection
	GlobalSection(SolutionProperties) = preSolution
		HideSolutionNode = FALSE
	EndGlobalSection
EndGlobal
